
Microsoft Visual Studio Solution File, Format Version 12.00
# Visual Studio 15
VisualStudioVersion = 15.0.27130.2010
MinimumVisualStudioVersion = 10.0.40219.1
Project("{FAE04EC0-301F-11D3-BF4B-00C04F79EFBC}") = "ZGuideExamples.VS", "ZGuideExamples.VS.csproj", "{05FECAEC-EB42-4160-99E7-CA0480D7FAA5}"
EndProject
Global
	GlobalSection(SolutionConfigurationPlatforms) = preSolution
		Debug|Any CPU = Debug|Any CPU
		Release|Any CPU = Release|Any CPU
	EndGlobalSection
	GlobalSection(ProjectConfigurationPlatforms) = postSolution
		{05FECAEC-EB42-4160-99E7-CA0480D7FAA5}.Debug|Any CPU.ActiveCfg = Debug|Any CPU
		{05FECAEC-EB42-4160-99E7-CA0480D7FAA5}.Debug|Any CPU.Build.0 = Debug|Any CPU
		{05FECAEC-EB42-4160-99E7-CA0480D7FAA5}.Release|Any CPU.ActiveCfg = Release|Any CPU
		{05FECAEC-EB42-4160-99E7-CA0480D7FAA5}.Release|Any CPU.Build.0 = Release|Any CPU
	EndGlobalSection
	GlobalSection(SolutionProperties) = preSolution
		HideSolutionNode = FALSE
	EndGlobalSection
	GlobalSection(ExtensibilityGlobals) = postSolution
		SolutionGuid = {521C9640-284A-4387-BF89-77AD6EB320AD}
	EndGlobalSection
EndGlobal
